
Microsoft Visual Studio Solution File, Format Version 12.00
# Visual Studio 2013
VisualStudioVersion = 12.0.31101.0
MinimumVisualStudioVersion = 10.0.40219.1
Project("{FAE04EC0-301F-11D3-BF4B-00C04F79EFBC}") = "Models", "Models\Models\Models.csproj", "{16186FE4-BC24-4627-B376-2F9862754CF0}"
EndProject
Project("{FAE04EC0-301F-11D3-BF4B-00C04F79EFBC}") = "Models.iOS", "Models\Models.iOS\Models.iOS.csproj", "{CB525E3D-863F-439A-B26A-FB862C7A37E4}"
EndProject
Project("{FAE04EC0-301F-11D3-BF4B-00C04F79EFBC}") = "Models.Droid", "Models\Models.Droid\Models.Droid.csproj", "{9E5960B8-8F5A-4679-B2B9-3D2725C82116}"
EndProject
Global
	GlobalSection(SolutionConfigurationPlatforms) = preSolution
		Ad-Hoc|Any CPU = Ad-Hoc|Any CPU
		Ad-Hoc|ARM = Ad-Hoc|ARM
		Ad-Hoc|iPhone = Ad-Hoc|iPhone
		Ad-Hoc|iPhoneSimulator = Ad-Hoc|iPhoneSimulator
		Ad-Hoc|Mixed Platforms = Ad-Hoc|Mixed Platforms
		Ad-Hoc|x86 = Ad-Hoc|x86
		AppStore|Any CPU = AppStore|Any CPU
		AppStore|ARM = AppStore|ARM
		AppStore|iPhone = AppStore|iPhone
		AppStore|iPhoneSimulator = AppStore|iPhoneSimulator
		AppStore|Mixed Platforms = AppStore|Mixed Platforms
		AppStore|x86 = AppStore|x86
		Debug|Any CPU = Debug|Any CPU
		Debug|ARM = Debug|ARM
		Debug|iPhone = Debug|iPhone
		Debug|iPhoneSimulator = Debug|iPhoneSimulator
		Debug|Mixed Platforms = Debug|Mixed Platforms
		Debug|x86 = Debug|x86
		Release|Any CPU = Release|Any CPU
		Release|ARM = Release|ARM
		Release|iPhone = Release|iPhone
		Release|iPhoneSimulator = Release|iPhoneSimulator
		Release|Mixed Platforms = Release|Mixed Platforms
		Release|x86 = Release|x86
	EndGlobalSection
	GlobalSection(ProjectConfigurationPlatforms) = postSolution
		{16186FE4-BC24-4627-B376-2F9862754CF0}.Ad-Hoc|Any CPU.ActiveCfg = Release|Any CPU
		{16186FE4-BC24-4627-B376-2F9862754CF0}.Ad-Hoc|Any CPU.Build.0 = Release|Any CPU
		{16186FE4-BC24-4627-B376-2F9862754CF0}.Ad-Hoc|ARM.ActiveCfg = Release|Any CPU
		{16186FE4-BC24-4627-B376-2F9862754CF0}.Ad-Hoc|iPhone.ActiveCfg = Release|Any CPU
		{16186FE4-BC24-4627-B376-2F9862754CF0}.Ad-Hoc|iPhoneSimulator.ActiveCfg = Release|Any CPU
		{16186FE4-BC24-4627-B376-2F9862754CF0}.Ad-Hoc|Mixed Platforms.ActiveCfg = Release|Any CPU
		{16186FE4-BC24-4627-B376-2F9862754CF0}.Ad-Hoc|Mixed Platforms.Build.0 = Release|Any CPU
		{16186FE4-BC24-4627-B376-2F9862754CF0}.Ad-Hoc|x86.ActiveCfg = Release|Any CPU
		{16186FE4-BC24-4627-B376-2F9862754CF0}.AppStore|Any CPU.ActiveCfg = Release|Any CPU
		{16186FE4-BC24-4627-B376-2F9862754CF0}.AppStore|Any CPU.Build.0 = Release|Any CPU
		{16186FE4-BC24-4627-B376-2F9862754CF0}.AppStore|ARM.ActiveCfg = Release|Any CPU
		{16186FE4-BC24-4627-B376-2F9862754CF0}.AppStore|iPhone.ActiveCfg = Release|Any CPU
		{16186FE4-BC24-4627-B376-2F9862754CF0}.AppStore|iPhoneSimulator.ActiveCfg = Release|Any CPU
		{16186FE4-BC24-4627-B376-2F9862754CF0}.AppStore|Mixed Platforms.ActiveCfg = Release|Any CPU
		{16186FE4-BC24-4627-B376-2F9862754CF0}.AppStore|Mixed Platforms.Build.0 = Release|Any CPU
		{16186FE4-BC24-4627-B376-2F9862754CF0}.AppStore|x86.ActiveCfg = Release|Any CPU
		{16186FE4-BC24-4627-B376-2F9862754CF0}.Debug|Any CPU.ActiveCfg = Debug|Any CPU
		{16186FE4-BC24-4627-B376-2F9862754CF0}.Debug|Any CPU.Build.0 = Debug|Any CPU
		{16186FE4-BC24-4627-B376-2F9862754CF0}.Debug|ARM.ActiveCfg = Debug|Any CPU
		{16186FE4-BC24-4627-B376-2F9862754CF0}.Debug|iPhone.ActiveCfg = Debug|Any CPU
		{16186FE4-BC24-4627-B376-2F9862754CF0}.Debug|iPhoneSimulator.ActiveCfg = Debug|Any CPU
		{16186FE4-BC24-4627-B376-2F9862754CF0}.Debug|Mixed Platforms.ActiveCfg = Debug|Any CPU
		{16186FE4-BC24-4627-B376-2F9862754CF0}.Debug|Mixed Platforms.Build.0 = Debug|Any CPU
		{16186FE4-BC24-4627-B376-2F9862754CF0}.Debug|x86.ActiveCfg = Debug|Any CPU
		{16186FE4-BC24-4627-B376-2F9862754CF0}.Release|Any CPU.ActiveCfg = Release|Any CPU
		{16186FE4-BC24-4627-B376-2F9862754CF0}.Release|Any CPU.Build.0 = Release|Any CPU
		{16186FE4-BC24-4627-B376-2F9862754CF0}.Release|ARM.ActiveCfg = Release|Any CPU
		{16186FE4-BC24-4627-B376-2F9862754CF0}.Release|iPhone.ActiveCfg = Release|Any CPU
		{16186FE4-BC24-4627-B376-2F9862754CF0}.Release|iPhoneSimulator.ActiveCfg = Release|Any CPU
		{16186FE4-BC24-4627-B376-2F9862754CF0}.Release|Mixed Platforms.ActiveCfg = Release|Any CPU
		{16186FE4-BC24-4627-B376-2F9862754CF0}.Release|Mixed Platforms.Build.0 = Release|Any CPU
		{16186FE4-BC24-4627-B376-2F9862754CF0}.Release|x86.ActiveCfg = Release|Any CPU
		{CB525E3D-863F-439A-B26A-FB862C7A37E4}.Ad-Hoc|Any CPU.ActiveCfg = Ad-Hoc|iPhone
		{CB525E3D-863F-439A-B26A-FB862C7A37E4}.Ad-Hoc|ARM.ActiveCfg = Ad-Hoc|iPhone
		{CB525E3D-863F-439A-B26A-FB862C7A37E4}.Ad-Hoc|iPhone.ActiveCfg = Ad-Hoc|iPhone
		{CB525E3D-863F-439A-B26A-FB862C7A37E4}.Ad-Hoc|iPhone.Build.0 = Ad-Hoc|iPhone
		{CB525E3D-863F-439A-B26A-FB862C7A37E4}.Ad-Hoc|iPhoneSimulator.ActiveCfg = Ad-Hoc|iPhoneSimulator
		{CB525E3D-863F-439A-B26A-FB862C7A37E4}.Ad-Hoc|iPhoneSimulator.Build.0 = Ad-Hoc|iPhoneSimulator
		{CB525E3D-863F-439A-B26A-FB862C7A37E4}.Ad-Hoc|Mixed Platforms.ActiveCfg = Ad-Hoc|iPhone
		{CB525E3D-863F-439A-B26A-FB862C7A37E4}.Ad-Hoc|Mixed Platforms.Build.0 = Ad-Hoc|iPhone
		{CB525E3D-863F-439A-B26A-FB862C7A37E4}.Ad-Hoc|x86.ActiveCfg = Ad-Hoc|iPhone
		{CB525E3D-863F-439A-B26A-FB862C7A37E4}.AppStore|Any CPU.ActiveCfg = AppStore|iPhone
		{CB525E3D-863F-439A-B26A-FB862C7A37E4}.AppStore|ARM.ActiveCfg = AppStore|iPhone
		{CB525E3D-863F-439A-B26A-FB862C7A37E4}.AppStore|iPhone.ActiveCfg = AppStore|iPhone
		{CB525E3D-863F-439A-B26A-FB862C7A37E4}.AppStore|iPhone.Build.0 = AppStore|iPhone
		{CB525E3D-863F-439A-B26A-FB862C7A37E4}.AppStore|iPhoneSimulator.ActiveCfg = AppStore|iPhoneSimulator
		{CB525E3D-863F-439A-B26A-FB862C7A37E4}.AppStore|iPhoneSimulator.Build.0 = AppStore|iPhoneSimulator
		{CB525E3D-863F-439A-B26A-FB862C7A37E4}.AppStore|Mixed Platforms.ActiveCfg = AppStore|iPhone
		{CB525E3D-863F-439A-B26A-FB862C7A37E4}.AppStore|Mixed Platforms.Build.0 = AppStore|iPhone
		{CB525E3D-863F-439A-B26A-FB862C7A37E4}.AppStore|x86.ActiveCfg = AppStore|iPhone
		{CB525E3D-863F-439A-B26A-FB862C7A37E4}.Debug|Any CPU.ActiveCfg = Debug|iPhone
		{CB525E3D-863F-439A-B26A-FB862C7A37E4}.Debug|ARM.ActiveCfg = Debug|iPhone
		{CB525E3D-863F-439A-B26A-FB862C7A37E4}.Debug|iPhone.ActiveCfg = Debug|iPhone
		{CB525E3D-863F-439A-B26A-FB862C7A37E4}.Debug|iPhone.Build.0 = Debug|iPhone
		{CB525E3D-863F-439A-B26A-FB862C7A37E4}.Debug|iPhoneSimulator.ActiveCfg = Debug|iPhoneSimulator
		{CB525E3D-863F-439A-B26A-FB862C7A37E4}.Debug|iPhoneSimulator.Build.0 = Debug|iPhoneSimulator
		{CB525E3D-863F-439A-B26A-FB862C7A37E4}.Debug|Mixed Platforms.ActiveCfg = Debug|iPhone
		{CB525E3D-863F-439A-B26A-FB862C7A37E4}.Debug|Mixed Platforms.Build.0 = Debug|iPhone
		{CB525E3D-863F-439A-B26A-FB862C7A37E4}.Debug|x86.ActiveCfg = Debug|iPhone
		{CB525E3D-863F-439A-B26A-FB862C7A37E4}.Release|Any CPU.ActiveCfg = Release|iPhone
		{CB525E3D-863F-439A-B26A-FB862C7A37E4}.Release|ARM.ActiveCfg = Release|iPhone
		{CB525E3D-863F-439A-B26A-FB862C7A37E4}.Release|iPhone.ActiveCfg = Release|iPhone
		{CB525E3D-863F-439A-B26A-FB862C7A37E4}.Release|iPhone.Build.0 = Release|iPhone
		{CB525E3D-863F-439A-B26A-FB862C7A37E4}.Release|iPhoneSimulator.ActiveCfg = Release|iPhoneSimulator
		{CB525E3D-863F-439A-B26A-FB862C7A37E4}.Release|iPhoneSimulator.Build.0 = Release|iPhoneSimulator
		{CB525E3D-863F-439A-B26A-FB862C7A37E4}.Release|Mixed Platforms.ActiveCfg = Release|iPhone
		{CB525E3D-863F-439A-B26A-FB862C7A37E4}.Release|Mixed Platforms.Build.0 = Release|iPhone
		{CB525E3D-863F-439A-B26A-FB862C7A37E4}.Release|x86.ActiveCfg = Release|iPhone
		{9E5960B8-8F5A-4679-B2B9-3D2725C82116}.Ad-Hoc|Any CPU.ActiveCfg = Release|Any CPU
		{9E5960B8-8F5A-4679-B2B9-3D2725C82116}.Ad-Hoc|Any CPU.Build.0 = Release|Any CPU
		{9E5960B8-8F5A-4679-B2B9-3D2725C82116}.Ad-Hoc|Any CPU.Deploy.0 = Release|Any CPU
		{9E5960B8-8F5A-4679-B2B9-3D2725C82116}.Ad-Hoc|ARM.ActiveCfg = Release|Any CPU
		{9E5960B8-8F5A-4679-B2B9-3D2725C82116}.Ad-Hoc|iPhone.ActiveCfg = Release|Any CPU
		{9E5960B8-8F5A-4679-B2B9-3D2725C82116}.Ad-Hoc|iPhoneSimulator.ActiveCfg = Release|Any CPU
		{9E5960B8-8F5A-4679-B2B9-3D2725C82116}.Ad-Hoc|Mixed Platforms.ActiveCfg = Release|Any CPU
		{9E5960B8-8F5A-4679-B2B9-3D2725C82116}.Ad-Hoc|Mixed Platforms.Build.0 = Release|Any CPU
		{9E5960B8-8F5A-4679-B2B9-3D2725C82116}.Ad-Hoc|Mixed Platforms.Deploy.0 = Release|Any CPU
		{9E5960B8-8F5A-4679-B2B9-3D2725C82116}.Ad-Hoc|x86.ActiveCfg = Release|Any CPU
		{9E5960B8-8F5A-4679-B2B9-3D2725C82116}.AppStore|Any CPU.ActiveCfg = Release|Any CPU
		{9E5960B8-8F5A-4679-B2B9-3D2725C82116}.AppStore|Any CPU.Build.0 = Release|Any CPU
		{9E5960B8-8F5A-4679-B2B9-3D2725C82116}.AppStore|Any CPU.Deploy.0 = Release|Any CPU
		{9E5960B8-8F5A-4679-B2B9-3D2725C82116}.AppStore|ARM.ActiveCfg = Release|Any CPU
		{9E5960B8-8F5A-4679-B2B9-3D2725C82116}.AppStore|iPhone.ActiveCfg = Release|Any CPU
		{9E5960B8-8F5A-4679-B2B9-3D2725C82116}.AppStore|iPhoneSimulator.ActiveCfg = Release|Any CPU
		{9E5960B8-8F5A-4679-B2B9-3D2725C82116}.AppStore|Mixed Platforms.ActiveCfg = Release|Any CPU
		{9E5960B8-8F5A-4679-B2B9-3D2725C82116}.AppStore|Mixed Platforms.Build.0 = Release|Any CPU
		{9E5960B8-8F5A-4679-B2B9-3D2725C82116}.AppStore|Mixed Platforms.Deploy.0 = Release|Any CPU
		{9E5960B8-8F5A-4679-B2B9-3D2725C82116}.AppStore|x86.ActiveCfg = Release|Any CPU
		{9E5960B8-8F5A-4679-B2B9-3D2725C82116}.Debug|Any CPU.ActiveCfg = Debug|Any CPU
		{9E5960B8-8F5A-4679-B2B9-3D2725C82116}.Debug|Any CPU.Build.0 = Debug|Any CPU
		{9E5960B8-8F5A-4679-B2B9-3D2725C82116}.Debug|Any CPU.Deploy.0 = Debug|Any CPU
		{9E5960B8-8F5A-4679-B2B9-3D2725C82116}.Debug|ARM.ActiveCfg = Debug|Any CPU
		{9E5960B8-8F5A-4679-B2B9-3D2725C82116}.Debug|iPhone.ActiveCfg = Debug|Any CPU
		{9E5960B8-8F5A-4679-B2B9-3D2725C82116}.Debug|iPhoneSimulator.ActiveCfg = Debug|Any CPU
		{9E5960B8-8F5A-4679-B2B9-3D2725C82116}.Debug|Mixed Platforms.ActiveCfg = Debug|Any CPU
		{9E5960B8-8F5A-4679-B2B9-3D2725C82116}.Debug|Mixed Platforms.Build.0 = Debug|Any CPU
		{9E5960B8-8F5A-4679-B2B9-3D2725C82116}.Debug|Mixed Platforms.Deploy.0 = Debug|Any CPU
		{9E5960B8-8F5A-4679-B2B9-3D2725C82116}.Debug|x86.ActiveCfg = Debug|Any CPU
		{9E5960B8-8F5A-4679-B2B9-3D2725C82116}.Release|Any CPU.ActiveCfg = Release|Any CPU
		{9E5960B8-8F5A-4679-B2B9-3D2725C82116}.Release|Any CPU.Build.0 = Release|Any CPU
		{9E5960B8-8F5A-4679-B2B9-3D2725C82116}.Release|Any CPU.Deploy.0 = Release|Any CPU
		{9E5960B8-8F5A-4679-B2B9-3D2725C82116}.Release|ARM.ActiveCfg = Release|Any CPU
		{9E5960B8-8F5A-4679-B2B9-3D2725C82116}.Release|iPhone.ActiveCfg = Release|Any CPU
		{9E5960B8-8F5A-4679-B2B9-3D2725C82116}.Release|iPhoneSimulator.ActiveCfg = Release|Any CPU
		{9E5960B8-8F5A-4679-B2B9-3D2725C82116}.Release|Mixed Platforms.ActiveCfg = Release|Any CPU
		{9E5960B8-8F5A-4679-B2B9-3D2725C82116}.Release|Mixed Platforms.Build.0 = Release|Any CPU
		{9E5960B8-8F5A-4679-B2B9-3D2725C82116}.Release|Mixed Platforms.Deploy.0 = Release|Any CPU
		{9E5960B8-8F5A-4679-B2B9-3D2725C82116}.Release|x86.ActiveCfg = Release|Any CPU
	EndGlobalSection
	GlobalSection(SolutionProperties) = preSolution
		HideSolutionNode = FALSE
	EndGlobalSection
EndGlobal
